
Microsoft Visual Studio Solution File, Format Version 12.00
# Visual Studio Version 16
VisualStudioVersion = 16.0.29728.190
MinimumVisualStudioVersion = 10.0.40219.1
Project("{FAE04EC0-301F-11D3-BF4B-00C04F79EFBC}") = "Terminkalender", "Terminkalender.csproj", "{BD476C1B-6ECD-41B1-BA27-01D1ADD8DDC2}"
EndProject
Global
	GlobalSection(SolutionConfigurationPlatforms) = preSolution
		Debug|Any CPU = Debug|Any CPU
		Release|Any CPU = Release|Any CPU
	EndGlobalSection
	GlobalSection(ProjectConfigurationPlatforms) = postSolution
		{BD476C1B-6ECD-41B1-BA27-01D1ADD8DDC2}.Debug|Any CPU.ActiveCfg = Debug|Any CPU
		{BD476C1B-6ECD-41B1-BA27-01D1ADD8DDC2}.Debug|Any CPU.Build.0 = Debug|Any CPU
		{BD476C1B-6ECD-41B1-BA27-01D1ADD8DDC2}.Release|Any CPU.ActiveCfg = Release|Any CPU
		{BD476C1B-6ECD-41B1-BA27-01D1ADD8DDC2}.Release|Any CPU.Build.0 = Release|Any CPU
	EndGlobalSection
	GlobalSection(SolutionProperties) = preSolution
		HideSolutionNode = FALSE
	EndGlobalSection
	GlobalSection(ExtensibilityGlobals) = postSolution
		SolutionGuid = {0EC7C68B-F630-47E0-B4C0-8B6748E8C43E}
	EndGlobalSection
EndGlobal
